// !$*UTF8*$!
{
	archiveVersion = 1;
	classes = {
	};
	objectVersion = 56;
	objects = {

/* Begin PBXBuildFile section */
		BB9A8F022B99A5A500F359C8 /* FirebaseAnalyticsWithoutAdIdSupport in Frameworks */ = {isa = PBXBuildFile; productRef = BB9A8F012B99A5A500F359C8 /* FirebaseAnalyticsWithoutAdIdSupport */; };
		BB9A8F042B99A5A500F359C8 /* FirebaseAuth in Frameworks */ = {isa = PBXBuildFile; productRef = BB9A8F032B99A5A500F359C8 /* FirebaseAuth */; };
		BB9A8F072B99A6B100F359C8 /* GoogleSignIn in Frameworks */ = {isa = PBXBuildFile; productRef = BB9A8F062B99A6B100F359C8 /* GoogleSignIn */; };
		BB9A8F092B99A6B100F359C8 /* GoogleSignInSwift in Frameworks */ = {isa = PBXBuildFile; productRef = BB9A8F082B99A6B100F359C8 /* GoogleSignInSwift */; };
		BB9A8F0B2B99A70E00F359C8 /* GoogleService-Info (2).plist in Resources */ = {isa = PBXBuildFile; fileRef = BB9A8F0A2B99A70E00F359C8 /* GoogleService-Info (2).plist */; };
		BBB671A52B97E02C0083FCE0 /* GRIPHCON_APP_3App.swift in Sources */ = {isa = PBXBuildFile; fileRef = BBB671A42B97E02C0083FCE0 /* GRIPHCON_APP_3App.swift */; };
		BBB671A72B97E02C0083FCE0 /* ContentView.swift in Sources */ = {isa = PBXBuildFile; fileRef = BBB671A62B97E02C0083FCE0 /* ContentView.swift */; };
		BBB671A92B97E02E0083FCE0 /* Assets.xcassets in Resources */ = {isa = PBXBuildFile; fileRef = BBB671A82B97E02E0083FCE0 /* Assets.xcassets */; };
		BBB671AC2B97E02E0083FCE0 /* Preview Assets.xcassets in Resources */ = {isa = PBXBuildFile; fileRef = BBB671AB2B97E02E0083FCE0 /* Preview Assets.xcassets */; };
		BBB671B62B97E02F0083FCE0 /* GRIPHCON_APP_3Tests.swift in Sources */ = {isa = PBXBuildFile; fileRef = BBB671B52B97E02F0083FCE0 /* GRIPHCON_APP_3Tests.swift */; };
		BBB671C02B97E02F0083FCE0 /* GRIPHCON_APP_3UITests.swift in Sources */ = {isa = PBXBuildFile; fileRef = BBB671BF2B97E02F0083FCE0 /* GRIPHCON_APP_3UITests.swift */; };
		BBB671C22B97E02F0083FCE0 /* GRIPHCON_APP_3UITestsLaunchTests.swift in Sources */ = {isa = PBXBuildFile; fileRef = BBB671C12B97E02F0083FCE0 /* GRIPHCON_APP_3UITestsLaunchTests.swift */; };
/* End PBXBuildFile section */

/* Begin PBXContainerItemProxy section */
		BBB671B22B97E02F0083FCE0 /* PBXContainerItemProxy */ = {
			isa = PBXContainerItemProxy;
			containerPortal = BBB671992B97E02C0083FCE0 /* Project object */;
			proxyType = 1;
			remoteGlobalIDString = BBB671A02B97E02C0083FCE0;
			remoteInfo = "GRIPHCON APP 3";
		};
		BBB671BC2B97E02F0083FCE0 /* PBXContainerItemProxy */ = {
			isa = PBXContainerItemProxy;
			containerPortal = BBB671992B97E02C0083FCE0 /* Project object */;
			proxyType = 1;
			remoteGlobalIDString = BBB671A02B97E02C0083FCE0;
			remoteInfo = "GRIPHCON APP 3";
		};
/* End PBXContainerItemProxy section */

/* Begin PBXFileReference section */
		BB9A8F0A2B99A70E00F359C8 /* GoogleService-Info (2).plist */ = {isa = PBXFileReference; fileEncoding = 4; lastKnownFileType = text.plist.xml; path = "GoogleService-Info (2).plist"; sourceTree = "<group>"; };
		BB9A8F0C2B99A77900F359C8 /* GRIPHCON-APP-3-Info.plist */ = {isa = PBXFileReference; lastKnownFileType = text.plist; path = "GRIPHCON-APP-3-Info.plist"; sourceTree = SOURCE_ROOT; };
		BBB671A12B97E02C0083FCE0 /* GRIPHCON APP 3.app */ = {isa = PBXFileReference; explicitFileType = wrapper.application; includeInIndex = 0; path = "GRIPHCON APP 3.app"; sourceTree = BUILT_PRODUCTS_DIR; };
		BBB671A42B97E02C0083FCE0 /* GRIPHCON_APP_3App.swift */ = {isa = PBXFileReference; lastKnownFileType = sourcecode.swift; path = GRIPHCON_APP_3App.swift; sourceTree = "<group>"; };
		BBB671A62B97E02C0083FCE0 /* ContentView.swift */ = {isa = PBXFileReference; lastKnownFileType = sourcecode.swift; path = ContentView.swift; sourceTree = "<group>"; };
		BBB671A82B97E02E0083FCE0 /* Assets.xcassets */ = {isa = PBXFileReference; lastKnownFileType = folder.assetcatalog; path = Assets.xcassets; sourceTree = "<group>"; };
		BBB671AB2B97E02E0083FCE0 /* Preview Assets.xcassets */ = {isa = PBXFileReference; lastKnownFileType = folder.assetcatalog; path = "Preview Assets.xcassets"; sourceTree = "<group>"; };
		BBB671B12B97E02F0083FCE0 /* GRIPHCON APP 3Tests.xctest */ = {isa = PBXFileReference; explicitFileType = wrapper.cfbundle; includeInIndex = 0; path = "GRIPHCON APP 3Tests.xctest"; sourceTree = BUILT_PRODUCTS_DIR; };
		BBB671B52B97E02F0083FCE0 /* GRIPHCON_APP_3Tests.swift */ = {isa = PBXFileReference; lastKnownFileType = sourcecode.swift; path = GRIPHCON_APP_3Tests.swift; sourceTree = "<group>"; };
		BBB671BB2B97E02F0083FCE0 /* GRIPHCON APP 3UITests.xctest */ = {isa = PBXFileReference; explicitFileType = wrapper.cfbundle; includeInIndex = 0; path = "GRIPHCON APP 3UITests.xctest"; sourceTree = BUILT_PRODUCTS_DIR; };
		BBB671BF2B97E02F0083FCE0 /* GRIPHCON_APP_3UITests.swift */ = {isa = PBXFileReference; lastKnownFileType = sourcecode.swift; path = GRIPHCON_APP_3UITests.swift; sourceTree = "<group>"; };
		BBB671C12B97E02F0083FCE0 /* GRIPHCON_APP_3UITestsLaunchTests.swift */ = {isa = PBXFileReference; lastKnownFileType = sourcecode.swift; path = GRIPHCON_APP_3UITestsLaunchTests.swift; sourceTree = "<group>"; };
/* End PBXFileReference section */

/* Begin PBXFrameworksBuildPhase section */
		BBB6719E2B97E02C0083FCE0 /* Frameworks */ = {
			isa = PBXFrameworksBuildPhase;
			buildActionMask = 2147483647;
			files = (
				BB9A8F022B99A5A500F359C8 /* FirebaseAnalyticsWithoutAdIdSupport in Frameworks */,
				BB9A8F042B99A5A500F359C8 /* FirebaseAuth in Frameworks */,
				BB9A8F072B99A6B100F359C8 /* GoogleSignIn in Frameworks */,
				BB9A8F092B99A6B100F359C8 /* GoogleSignInSwift in Frameworks */,
			);
			runOnlyForDeploymentPostprocessing = 0;
		};
		BBB671AE2B97E02F0083FCE0 /* Frameworks */ = {
			isa = PBXFrameworksBuildPhase;
			buildActionMask = 2147483647;
			files = (
			);
			runOnlyForDeploymentPostprocessing = 0;
		};
		BBB671B82B97E02F0083FCE0 /* Frameworks */ = {
			isa = PBXFrameworksBuildPhase;
			buildActionMask = 2147483647;
			files = (
			);
			runOnlyForDeploymentPostprocessing = 0;
		};
/* End PBXFrameworksBuildPhase section */

/* Begin PBXGroup section */
		BBB671982B97E02C0083FCE0 = {
			isa = PBXGroup;
			children = (
				BBB671A32B97E02C0083FCE0 /* GRIPHCON APP 3 */,
				BBB671B42B97E02F0083FCE0 /* GRIPHCON APP 3Tests */,
				BBB671BE2B97E02F0083FCE0 /* GRIPHCON APP 3UITests */,
				BBB671A22B97E02C0083FCE0 /* Products */,
			);
			sourceTree = "<group>";
		};
		BBB671A22B97E02C0083FCE0 /* Products */ = {
			isa = PBXGroup;
			children = (
				BBB671A12B97E02C0083FCE0 /* GRIPHCON APP 3.app */,
				BBB671B12B97E02F0083FCE0 /* GRIPHCON APP 3Tests.xctest */,
				BBB671BB2B97E02F0083FCE0 /* GRIPHCON APP 3UITests.xctest */,
			);
			name = Products;
			sourceTree = "<group>";
		};
		BBB671A32B97E02C0083FCE0 /* GRIPHCON APP 3 */ = {
			isa = PBXGroup;
			children = (
				BB9A8F0C2B99A77900F359C8 /* GRIPHCON-APP-3-Info.plist */,
				BBB671A42B97E02C0083FCE0 /* GRIPHCON_APP_3App.swift */,
				BBB671A62B97E02C0083FCE0 /* ContentView.swift */,
				BBB671A82B97E02E0083FCE0 /* Assets.xcassets */,
				BBB671AA2B97E02E0083FCE0 /* Preview Content */,
			);
			path = "GRIPHCON APP 3";
			sourceTree = "<group>";
		};
		BBB671AA2B97E02E0083FCE0 /* Preview Content */ = {
			isa = PBXGroup;
			children = (
				BB9A8F0A2B99A70E00F359C8 /* GoogleService-Info (2).plist */,
				BBB671AB2B97E02E0083FCE0 /* Preview Assets.xcassets */,
			);
			path = "Preview Content";
			sourceTree = "<group>";
		};
		BBB671B42B97E02F0083FCE0 /* GRIPHCON APP 3Tests */ = {
			isa = PBXGroup;
			children = (
				BBB671B52B97E02F0083FCE0 /* GRIPHCON_APP_3Tests.swift */,
			);
			path = "GRIPHCON APP 3Tests";
			sourceTree = "<group>";
		};
		BBB671BE2B97E02F0083FCE0 /* GRIPHCON APP 3UITests */ = {
			isa = PBXGroup;
			children = (
				BBB671BF2B97E02F0083FCE0 /* GRIPHCON_APP_3UITests.swift */,
				BBB671C12B97E02F0083FCE0 /* GRIPHCON_APP_3UITestsLaunchTests.swift */,
			);
			path = "GRIPHCON APP 3UITests";
			sourceTree = "<group>";
		};
/* End PBXGroup section */

/* Begin PBXNativeTarget section */
		BBB671A02B97E02C0083FCE0 /* GRIPHCON APP 3 */ = {
			isa = PBXNativeTarget;
			buildConfigurationList = BBB671C52B97E02F0083FCE0 /* Build configuration list for PBXNativeTarget "GRIPHCON APP 3" */;
			buildPhases = (
				BBB6719D2B97E02C0083FCE0 /* Sources */,
				BBB6719E2B97E02C0083FCE0 /* Frameworks */,
				BBB6719F2B97E02C0083FCE0 /* Resources */,
			);
			buildRules = (
			);
			dependencies = (
			);
			name = "GRIPHCON APP 3";
			packageProductDependencies = (
				BB9A8F012B99A5A500F359C8 /* FirebaseAnalyticsWithoutAdIdSupport */,
				BB9A8F032B99A5A500F359C8 /* FirebaseAuth */,
				BB9A8F062B99A6B100F359C8 /* GoogleSignIn */,
				BB9A8F082B99A6B100F359C8 /* GoogleSignInSwift */,
			);
			productName = "GRIPHCON APP 3";
			productReference = BBB671A12B97E02C0083FCE0 /* GRIPHCON APP 3.app */;
			productType = "com.apple.product-type.application";
		};
		BBB671B02B97E02F0083FCE0 /* GRIPHCON APP 3Tests */ = {
			isa = PBXNativeTarget;
			buildConfigurationList = BBB671C82B97E02F0083FCE0 /* Build configuration list for PBXNativeTarget "GRIPHCON APP 3Tests" */;
			buildPhases = (
				BBB671AD2B97E02F0083FCE0 /* Sources */,
				BBB671AE2B97E02F0083FCE0 /* Frameworks */,
				BBB671AF2B97E02F0083FCE0 /* Resources */,
			);
			buildRules = (
			);
			dependencies = (
				BBB671B32B97E02F0083FCE0 /* PBXTargetDependency */,
			);
			name = "GRIPHCON APP 3Tests";
			productName = "GRIPHCON APP 3Tests";
			productReference = BBB671B12B97E02F0083FCE0 /* GRIPHCON APP 3Tests.xctest */;
			productType = "com.apple.product-type.bundle.unit-test";
		};
		BBB671BA2B97E02F0083FCE0 /* GRIPHCON APP 3UITests */ = {
			isa = PBXNativeTarget;
			buildConfigurationList = BBB671CB2B97E02F0083FCE0 /* Build configuration list for PBXNativeTarget "GRIPHCON APP 3UITests" */;
			buildPhases = (
				BBB671B72B97E02F0083FCE0 /* Sources */,
				BBB671B82B97E02F0083FCE0 /* Frameworks */,
				BBB671B92B97E02F0083FCE0 /* Resources */,
			);
			buildRules = (
			);
			dependencies = (
				BBB671BD2B97E02F0083FCE0 /* PBXTargetDependency */,
			);
			name = "GRIPHCON APP 3UITests";
			productName = "GRIPHCON APP 3UITests";
			productReference = BBB671BB2B97E02F0083FCE0 /* GRIPHCON APP 3UITests.xctest */;
			productType = "com.apple.product-type.bundle.ui-testing";
		};
/* End PBXNativeTarget section */

/* Begin PBXProject section */
		BBB671992B97E02C0083FCE0 /* Project object */ = {
			isa = PBXProject;
			attributes = {
				BuildIndependentTargetsInParallel = 1;
				LastSwiftUpdateCheck = 1520;
				LastUpgradeCheck = 1520;
				TargetAttributes = {
					BBB671A02B97E02C0083FCE0 = {
						CreatedOnToolsVersion = 15.2;
					};
					BBB671B02B97E02F0083FCE0 = {
						CreatedOnToolsVersion = 15.2;
						TestTargetID = BBB671A02B97E02C0083FCE0;
					};
					BBB671BA2B97E02F0083FCE0 = {
						CreatedOnToolsVersion = 15.2;
						TestTargetID = BBB671A02B97E02C0083FCE0;
					};
				};
			};
			buildConfigurationList = BBB6719C2B97E02C0083FCE0 /* Build configuration list for PBXProject "GRIPHCON APP 3" */;
			compatibilityVersion = "Xcode 14.0";
			developmentRegion = en;
			hasScannedForEncodings = 0;
			knownRegions = (
				en,
				Base,
			);
			mainGroup = BBB671982B97E02C0083FCE0;
			packageReferences = (
				BB9A8F002B99A5A500F359C8 /* XCRemoteSwiftPackageReference "firebase-ios-sdk" */,
				BB9A8F052B99A6B100F359C8 /* XCRemoteSwiftPackageReference "GoogleSignIn-iOS" */,
			);
			productRefGroup = BBB671A22B97E02C0083FCE0 /* Products */;
			projectDirPath = "";
			projectRoot = "";
			targets = (
				BBB671A02B97E02C0083FCE0 /* GRIPHCON APP 3 */,
				BBB671B02B97E02F0083FCE0 /* GRIPHCON APP 3Tests */,
				BBB671BA2B97E02F0083FCE0 /* GRIPHCON APP 3UITests */,
			);
		};
/* End PBXProject section */

/* Begin PBXResourcesBuildPhase section */
		BBB6719F2B97E02C0083FCE0 /* Resources */ = {
			isa = PBXResourcesBuildPhase;
			buildActionMask = 2147483647;
			files = (
				BBB671AC2B97E02E0083FCE0 /* Preview Assets.xcassets in Resources */,
				BB9A8F0B2B99A70E00F359C8 /* GoogleService-Info (2).plist in Resources */,
				BBB671A92B97E02E0083FCE0 /* Assets.xcassets in Resources */,
			);
			runOnlyForDeploymentPostprocessing = 0;
		};
		BBB671AF2B97E02F0083FCE0 /* Resources */ = {
			isa = PBXResourcesBuildPhase;
			buildActionMask = 2147483647;
			files = (
			);
			runOnlyForDeploymentPostprocessing = 0;
		};
		BBB671B92B97E02F0083FCE0 /* Resources */ = {
			isa = PBXResourcesBuildPhase;
			buildActionMask = 2147483647;
			files = (
			);
			runOnlyForDeploymentPostprocessing = 0;
		};
/* End PBXResourcesBuildPhase section */

/* Begin PBXSourcesBuildPhase section */
		BBB6719D2B97E02C0083FCE0 /* Sources */ = {
			isa = PBXSourcesBuildPhase;
			buildActionMask = 2147483647;
			files = (
				BBB671A72B97E02C0083FCE0 /* ContentView.swift in Sources */,
				BBB671A52B97E02C0083FCE0 /* GRIPHCON_APP_3App.swift in Sources */,
			);
			runOnlyForDeploymentPostprocessing = 0;
		};
		BBB671AD2B97E02F0083FCE0 /* Sources */ = {
			isa = PBXSourcesBuildPhase;
			buildActionMask = 2147483647;
			files = (
				BBB671B62B97E02F0083FCE0 /* GRIPHCON_APP_3Tests.swift in Sources */,
			);
			runOnlyForDeploymentPostprocessing = 0;
		};
		BBB671B72B97E02F0083FCE0 /* Sources */ = {
			isa = PBXSourcesBuildPhase;
			buildActionMask = 2147483647;
			files = (
				BBB671C22B97E02F0083FCE0 /* GRIPHCON_APP_3UITestsLaunchTests.swift in Sources */,
				BBB671C02B97E02F0083FCE0 /* GRIPHCON_APP_3UITests.swift in Sources */,
			);
			runOnlyForDeploymentPostprocessing = 0;
		};
/* End PBXSourcesBuildPhase section */

/* Begin PBXTargetDependency section */
		BBB671B32B97E02F0083FCE0 /* PBXTargetDependency */ = {
			isa = PBXTargetDependency;
			target = BBB671A02B97E02C0083FCE0 /* GRIPHCON APP 3 */;
			targetProxy = BBB671B22B97E02F0083FCE0 /* PBXContainerItemProxy */;
		};
		BBB671BD2B97E02F0083FCE0 /* PBXTargetDependency */ = {
			isa = PBXTargetDependency;
			target = BBB671A02B97E02C0083FCE0 /* GRIPHCON APP 3 */;
			targetProxy = BBB671BC2B97E02F0083FCE0 /* PBXContainerItemProxy */;
		};
/* End PBXTargetDependency section */

/* Begin XCBuildConfiguration section */
		BBB671C32B97E02F0083FCE0 /* Debug */ = {
			isa = XCBuildConfiguration;
			buildSettings = {
				ALWAYS_SEARCH_USER_PATHS = NO;
				ASSETCATALOG_COMPILER_GENERATE_SWIFT_ASSET_SYMBOL_EXTENSIONS = YES;
				CLANG_ANALYZER_NONNULL = YES;
				CLANG_ANALYZER_NUMBER_OBJECT_CONVERSION = YES_AGGRESSIVE;
				CLANG_CXX_LANGUAGE_STANDARD = "gnu++20";
				CLANG_ENABLE_MODULES = YES;
				CLANG_ENABLE_OBJC_ARC = YES;
				CLANG_ENABLE_OBJC_WEAK = YES;
				CLANG_WARN_BLOCK_CAPTURE_AUTORELEASING = YES;
				CLANG_WARN_BOOL_CONVERSION = YES;
				CLANG_WARN_COMMA = YES;
				CLANG_WARN_CONSTANT_CONVERSION = YES;
				CLANG_WARN_DEPRECATED_OBJC_IMPLEMENTATIONS = YES;
				CLANG_WARN_DIRECT_OBJC_ISA_USAGE = YES_ERROR;
				CLANG_WARN_DOCUMENTATION_COMMENTS = YES;
				CLANG_WARN_EMPTY_BODY = YES;
				CLANG_WARN_ENUM_CONVERSION = YES;
				CLANG_WARN_INFINITE_RECURSION = YES;
				CLANG_WARN_INT_CONVERSION = YES;
				CLANG_WARN_NON_LITERAL_NULL_CONVERSION = YES;
				CLANG_WARN_OBJC_IMPLICIT_RETAIN_SELF = YES;
				CLANG_WARN_OBJC_LITERAL_CONVERSION = YES;
				CLANG_WARN_OBJC_ROOT_CLASS = YES_ERROR;
				CLANG_WARN_QUOTED_INCLUDE_IN_FRAMEWORK_HEADER = YES;
				CLANG_WARN_RANGE_LOOP_ANALYSIS = YES;
				CLANG_WARN_STRICT_PROTOTYPES = YES;
				CLANG_WARN_SUSPICIOUS_MOVE = YES;
				CLANG_WARN_UNGUARDED_AVAILABILITY = YES_AGGRESSIVE;
				CLANG_WARN_UNREACHABLE_CODE = YES;
				CLANG_WARN__DUPLICATE_METHOD_MATCH = YES;
				COPY_PHASE_STRIP = NO;
				DEBUG_INFORMATION_FORMAT = dwarf;
				ENABLE_STRICT_OBJC_MSGSEND = YES;
				ENABLE_TESTABILITY = YES;
				ENABLE_USER_SCRIPT_SANDBOXING = YES;
				GCC_C_LANGUAGE_STANDARD = gnu17;
				GCC_DYNAMIC_NO_PIC = NO;
				GCC_NO_COMMON_BLOCKS = YES;
				GCC_OPTIMIZATION_LEVEL = 0;
				GCC_PREPROCESSOR_DEFINITIONS = (
					"DEBUG=1",
					"$(inherited)",
				);
				GCC_WARN_64_TO_32_BIT_CONVERSION = YES;
				GCC_WARN_ABOUT_RETURN_TYPE = YES_ERROR;
				GCC_WARN_UNDECLARED_SELECTOR = YES;
				GCC_WARN_UNINITIALIZED_AUTOS = YES_AGGRESSIVE;
				GCC_WARN_UNUSED_FUNCTION = YES;
				GCC_WARN_UNUSED_VARIABLE = YES;
				IPHONEOS_DEPLOYMENT_TARGET = 17.2;
				LOCALIZATION_PREFERS_STRING_CATALOGS = YES;
				MTL_ENABLE_DEBUG_INFO = INCLUDE_SOURCE;
				MTL_FAST_MATH = YES;
				ONLY_ACTIVE_ARCH = YES;
				SDKROOT = iphoneos;
				SWIFT_ACTIVE_COMPILATION_CONDITIONS = "DEBUG $(inherited)";
				SWIFT_OPTIMIZATION_LEVEL = "-Onone";
			};
			name = Debug;
		};
		BBB671C42B97E02F0083FCE0 /* Release */ = {
			isa = XCBuildConfiguration;
			buildSettings = {
				ALWAYS_SEARCH_USER_PATHS = NO;
				ASSETCATALOG_COMPILER_GENERATE_SWIFT_ASSET_SYMBOL_EXTENSIONS = YES;
				CLANG_ANALYZER_NONNULL = YES;
				CLANG_ANALYZER_NUMBER_OBJECT_CONVERSION = YES_AGGRESSIVE;
				CLANG_CXX_LANGUAGE_STANDARD = "gnu++20";
				CLANG_ENABLE_MODULES = YES;
				CLANG_ENABLE_OBJC_ARC = YES;
				CLANG_ENABLE_OBJC_WEAK = YES;
				CLANG_WARN_BLOCK_CAPTURE_AUTORELEASING = YES;
				CLANG_WARN_BOOL_CONVERSION = YES;
				CLANG_WARN_COMMA = YES;
				CLANG_WARN_CONSTANT_CONVERSION = YES;
				CLANG_WARN_DEPRECATED_OBJC_IMPLEMENTATIONS = YES;
				CLANG_WARN_DIRECT_OBJC_ISA_USAGE = YES_ERROR;
				CLANG_WARN_DOCUMENTATION_COMMENTS = YES;
				CLANG_WARN_EMPTY_BODY = YES;
				CLANG_WARN_ENUM_CONVERSION = YES;
				CLANG_WARN_INFINITE_RECURSION = YES;
				CLANG_WARN_INT_CONVERSION = YES;
				CLANG_WARN_NON_LITERAL_NULL_CONVERSION = YES;
				CLANG_WARN_OBJC_IMPLICIT_RETAIN_SELF = YES;
				CLANG_WARN_OBJC_LITERAL_CONVERSION = YES;
				CLANG_WARN_OBJC_ROOT_CLASS = YES_ERROR;
				CLANG_WARN_QUOTED_INCLUDE_IN_FRAMEWORK_HEADER = YES;
				CLANG_WARN_RANGE_LOOP_ANALYSIS = YES;
				CLANG_WARN_STRICT_PROTOTYPES = YES;
				CLANG_WARN_SUSPICIOUS_MOVE = YES;
				CLANG_WARN_UNGUARDED_AVAILABILITY = YES_AGGRESSIVE;
				CLANG_WARN_UNREACHABLE_CODE = YES;
				CLANG_WARN__DUPLICATE_METHOD_MATCH = YES;
				COPY_PHASE_STRIP = NO;
				DEBUG_INFORMATION_FORMAT = "dwarf-with-dsym";
				ENABLE_NS_ASSERTIONS = NO;
				ENABLE_STRICT_OBJC_MSGSEND = YES;
				ENABLE_USER_SCRIPT_SANDBOXING = YES;
				GCC_C_LANGUAGE_STANDARD = gnu17;
				GCC_NO_COMMON_BLOCKS = YES;
				GCC_WARN_64_TO_32_BIT_CONVERSION = YES;
				GCC_WARN_ABOUT_RETURN_TYPE = YES_ERROR;
				GCC_WARN_UNDECLARED_SELECTOR = YES;
				GCC_WARN_UNINITIALIZED_AUTOS = YES_AGGRESSIVE;
				GCC_WARN_UNUSED_FUNCTION = YES;
				GCC_WARN_UNUSED_VARIABLE = YES;
				IPHONEOS_DEPLOYMENT_TARGET = 17.2;
				LOCALIZATION_PREFERS_STRING_CATALOGS = YES;
				MTL_ENABLE_DEBUG_INFO = NO;
				MTL_FAST_MATH = YES;
				SDKROOT = iphoneos;
				SWIFT_COMPILATION_MODE = wholemodule;
				VALIDATE_PRODUCT = YES;
			};
			name = Release;
		};
		BBB671C62B97E02F0083FCE0 /* Debug */ = {
			isa = XCBuildConfiguration;
			buildSettings = {
				ASSETCATALOG_COMPILER_APPICON_NAME = AppIcon;
				ASSETCATALOG_COMPILER_GLOBAL_ACCENT_COLOR_NAME = AccentColor;
				CODE_SIGN_IDENTITY = "Apple Development";
				CODE_SIGN_STYLE = Automatic;
				CURRENT_PROJECT_VERSION = 1;
				DEVELOPMENT_ASSET_PATHS = "\"GRIPHCON APP 3/Preview Content\"";
				DEVELOPMENT_TEAM = VN8659FGXD;
				ENABLE_PREVIEWS = YES;
				GENERATE_INFOPLIST_FILE = YES;
				INFOPLIST_FILE = "GRIPHCON-APP-3-Info.plist";
				INFOPLIST_KEY_UIApplicationSceneManifest_Generation = YES;
				INFOPLIST_KEY_UIApplicationSupportsIndirectInputEvents = YES;
				INFOPLIST_KEY_UILaunchScreen_Generation = YES;
				INFOPLIST_KEY_UISupportedInterfaceOrientations_iPad = "UIInterfaceOrientationPortrait UIInterfaceOrientationPortraitUpsideDown UIInterfaceOrientationLandscapeLeft UIInterfaceOrientationLandscapeRight";
				INFOPLIST_KEY_UISupportedInterfaceOrientations_iPhone = "UIInterfaceOrientationPortrait UIInterfaceOrientationLandscapeLeft UIInterfaceOrientationLandscapeRight";
				LD_RUNPATH_SEARCH_PATHS = (
					"$(inherited)",
					"@executable_path/Frameworks",
				);
				MARKETING_VERSION = 1.0;
				PRODUCT_BUNDLE_IDENTIFIER = "com.griphcontech.GRIPHCON-APP";
				PRODUCT_NAME = "$(TARGET_NAME)";
				PROVISIONING_PROFILE_SPECIFIER = "";
				SWIFT_EMIT_LOC_STRINGS = YES;
				SWIFT_VERSION = 5.0;
				TARGETED_DEVICE_FAMILY = "1,2";
			};
			name = Debug;
		};
		BBB671C72B97E02F0083FCE0 /* Release */ = {
			isa = XCBuildConfiguration;
			buildSettings = {
				ASSETCATALOG_COMPILER_APPICON_NAME = AppIcon;
				ASSETCATALOG_COMPILER_GLOBAL_ACCENT_COLOR_NAME = AccentColor;
				CODE_SIGN_IDENTITY = "Apple Development";
				CODE_SIGN_STYLE = Automatic;
				CURRENT_PROJECT_VERSION = 1;
				DEVELOPMENT_ASSET_PATHS = "\"GRIPHCON APP 3/Preview Content\"";
				DEVELOPMENT_TEAM = VN8659FGXD;
				ENABLE_PREVIEWS = YES;
				GENERATE_INFOPLIST_FILE = YES;
				INFOPLIST_FILE = "GRIPHCON-APP-3-Info.plist";
				INFOPLIST_KEY_UIApplicationSceneManifest_Generation = YES;
				INFOPLIST_KEY_UIApplicationSupportsIndirectInputEvents = YES;
				INFOPLIST_KEY_UILaunchScreen_Generation = YES;
				INFOPLIST_KEY_UISupportedInterfaceOrientations_iPad = "UIInterfaceOrientationPortrait UIInterfaceOrientationPortraitUpsideDown UIInterfaceOrientationLandscapeLeft UIInterfaceOrientationLandscapeRight";
				INFOPLIST_KEY_UISupportedInterfaceOrientations_iPhone = "UIInterfaceOrientationPortrait UIInterfaceOrientationLandscapeLeft UIInterfaceOrientationLandscapeRight";
				LD_RUNPATH_SEARCH_PATHS = (
					"$(inherited)",
					"@executable_path/Frameworks",
				);
				MARKETING_VERSION = 1.0;
				PRODUCT_BUNDLE_IDENTIFIER = "com.griphcontech.GRIPHCON-APP";
				PRODUCT_NAME = "$(TARGET_NAME)";
				PROVISIONING_PROFILE_SPECIFIER = "";
				SWIFT_EMIT_LOC_STRINGS = YES;
				SWIFT_VERSION = 5.0;
				TARGETED_DEVICE_FAMILY = "1,2";
			};
			name = Release;
		};
		BBB671C92B97E02F0083FCE0 /* Debug */ = {
			isa = XCBuildConfiguration;
			buildSettings = {
				ALWAYS_EMBED_SWIFT_STANDARD_LIBRARIES = YES;
				BUNDLE_LOADER = "$(TEST_HOST)";
				CODE_SIGN_STYLE = Automatic;
				CURRENT_PROJECT_VERSION = 1;
				GENERATE_INFOPLIST_FILE = YES;
				IPHONEOS_DEPLOYMENT_TARGET = 17.2;
				MARKETING_VERSION = 1.0;
				PRODUCT_BUNDLE_IDENTIFIER = "com.griphcontech.GRIPHCON-APP-3Tests";
				PRODUCT_NAME = "$(TARGET_NAME)";
				SWIFT_EMIT_LOC_STRINGS = NO;
				SWIFT_VERSION = 5.0;
				TARGETED_DEVICE_FAMILY = "1,2";
				TEST_HOST = "$(BUILT_PRODUCTS_DIR)/GRIPHCON APP 3.app/$(BUNDLE_EXECUTABLE_FOLDER_PATH)/GRIPHCON APP 3";
			};
			name = Debug;
		};
		BBB671CA2B97E02F0083FCE0 /* Release */ = {
			isa = XCBuildConfiguration;
			buildSettings = {
				ALWAYS_EMBED_SWIFT_STANDARD_LIBRARIES = YES;
				BUNDLE_LOADER = "$(TEST_HOST)";
				CODE_SIGN_STYLE = Automatic;
				CURRENT_PROJECT_VERSION = 1;
				GENERATE_INFOPLIST_FILE = YES;
				IPHONEOS_DEPLOYMENT_TARGET = 17.2;
				MARKETING_VERSION = 1.0;
				PRODUCT_BUNDLE_IDENTIFIER = "com.griphcontech.GRIPHCON-APP-3Tests";
				PRODUCT_NAME = "$(TARGET_NAME)";
				SWIFT_EMIT_LOC_STRINGS = NO;
				SWIFT_VERSION = 5.0;
				TARGETED_DEVICE_FAMILY = "1,2";
				TEST_HOST = "$(BUILT_PRODUCTS_DIR)/GRIPHCON APP 3.app/$(BUNDLE_EXECUTABLE_FOLDER_PATH)/GRIPHCON APP 3";
			};
			name = Release;
		};
		BBB671CC2B97E02F0083FCE0 /* Debug */ = {
			isa = XCBuildConfiguration;
			buildSettings = {
				ALWAYS_EMBED_SWIFT_STANDARD_LIBRARIES = YES;
				CODE_SIGN_STYLE = Automatic;
				CURRENT_PROJECT_VERSION = 1;
				GENERATE_INFOPLIST_FILE = YES;
				MARKETING_VERSION = 1.0;
				PRODUCT_BUNDLE_IDENTIFIER = "com.griphcontech.GRIPHCON-APP-3UITests";
				PRODUCT_NAME = "$(TARGET_NAME)";
				SWIFT_EMIT_LOC_STRINGS = NO;
				SWIFT_VERSION = 5.0;
				TARGETED_DEVICE_FAMILY = "1,2";
				TEST_TARGET_NAME = "GRIPHCON APP 3";
			};
			name = Debug;
		};
		BBB671CD2B97E02F0083FCE0 /* Release */ = {
			isa = XCBuildConfiguration;
			buildSettings = {
				ALWAYS_EMBED_SWIFT_STANDARD_LIBRARIES = YES;
				CODE_SIGN_STYLE = Automatic;
				CURRENT_PROJECT_VERSION = 1;
				GENERATE_INFOPLIST_FILE = YES;
				MARKETING_VERSION = 1.0;
				PRODUCT_BUNDLE_IDENTIFIER = "com.griphcontech.GRIPHCON-APP-3UITests";
				PRODUCT_NAME = "$(TARGET_NAME)";
				SWIFT_EMIT_LOC_STRINGS = NO;
				SWIFT_VERSION = 5.0;
				TARGETED_DEVICE_FAMILY = "1,2";
				TEST_TARGET_NAME = "GRIPHCON APP 3";
			};
			name = Release;
		};
/* End XCBuildConfiguration section */

/* Begin XCConfigurationList section */
		BBB6719C2B97E02C0083FCE0 /* Build configuration list for PBXProject "GRIPHCON APP 3" */ = {
			isa = XCConfigurationList;
			buildConfigurations = (
				BBB671C32B97E02F0083FCE0 /* Debug */,
				BBB671C42B97E02F0083FCE0 /* Release */,
			);
			defaultConfigurationIsVisible = 0;
			defaultConfigurationName = Release;
		};
		BBB671C52B97E02F0083FCE0 /* Build configuration list for PBXNativeTarget "GRIPHCON APP 3" */ = {
			isa = XCConfigurationList;
			buildConfigurations = (
				BBB671C62B97E02F0083FCE0 /* Debug */,
				BBB671C72B97E02F0083FCE0 /* Release */,
			);
			defaultConfigurationIsVisible = 0;
			defaultConfigurationName = Release;
		};
		BBB671C82B97E02F0083FCE0 /* Build configuration list for PBXNativeTarget "GRIPHCON APP 3Tests" */ = {
			isa = XCConfigurationList;
			buildConfigurations = (
				BBB671C92B97E02F0083FCE0 /* Debug */,
				BBB671CA2B97E02F0083FCE0 /* Release */,
			);
			defaultConfigurationIsVisible = 0;
			defaultConfigurationName = Release;
		};
		BBB671CB2B97E02F0083FCE0 /* Build configuration list for PBXNativeTarget "GRIPHCON APP 3UITests" */ = {
			isa = XCConfigurationList;
			buildConfigurations = (
				BBB671CC2B97E02F0083FCE0 /* Debug */,
				BBB671CD2B97E02F0083FCE0 /* Release */,
			);
			defaultConfigurationIsVisible = 0;
			defaultConfigurationName = Release;
		};
/* End XCConfigurationList section */

/* Begin XCRemoteSwiftPackageReference section */
		BB9A8F002B99A5A500F359C8 /* XCRemoteSwiftPackageReference "firebase-ios-sdk" */ = {
			isa = XCRemoteSwiftPackageReference;
			repositoryURL = "https://github.com/firebase/firebase-ios-sdk";
			requirement = {
				kind = upToNextMajorVersion;
				minimumVersion = 10.22.0;
			};
		};
		BB9A8F052B99A6B100F359C8 /* XCRemoteSwiftPackageReference "GoogleSignIn-iOS" */ = {
			isa = XCRemoteSwiftPackageReference;
			repositoryURL = "https://github.com/google/GoogleSignIn-iOS";
			requirement = {
				kind = upToNextMajorVersion;
				minimumVersion = 7.0.0;
			};
		};
/* End XCRemoteSwiftPackageReference section */

/* Begin XCSwiftPackageProductDependency section */
		BB9A8F012B99A5A500F359C8 /* FirebaseAnalyticsWithoutAdIdSupport */ = {
			isa = XCSwiftPackageProductDependency;
			package = BB9A8F002B99A5A500F359C8 /* XCRemoteSwiftPackageReference "firebase-ios-sdk" */;
			productName = FirebaseAnalyticsWithoutAdIdSupport;
		};
		BB9A8F032B99A5A500F359C8 /* FirebaseAuth */ = {
			isa = XCSwiftPackageProductDependency;
			package = BB9A8F002B99A5A500F359C8 /* XCRemoteSwiftPackageReference "firebase-ios-sdk" */;
			productName = FirebaseAuth;
		};
		BB9A8F062B99A6B100F359C8 /* GoogleSignIn */ = {
			isa = XCSwiftPackageProductDependency;
			package = BB9A8F052B99A6B100F359C8 /* XCRemoteSwiftPackageReference "GoogleSignIn-iOS" */;
			productName = GoogleSignIn;
		};
		BB9A8F082B99A6B100F359C8 /* GoogleSignInSwift */ = {
			isa = XCSwiftPackageProductDependency;
			package = BB9A8F052B99A6B100F359C8 /* XCRemoteSwiftPackageReference "GoogleSignIn-iOS" */;
			productName = GoogleSignInSwift;
		};
/* End XCSwiftPackageProductDependency section */
	};
	rootObject = BBB671992B97E02C0083FCE0 /* Project object */;
}
